
Microsoft Visual Studio Solution File, Format Version 12.00
# Visual Studio Version 17
VisualStudioVersion = 17.9.34728.123
MinimumVisualStudioVersion = 10.0.40219.1
Project("{9A19103F-16F7-4668-BE54-9A1E7A4F7556}") = "Dnc.Common.Razor", "Dnc.Common.Razor\Dnc.Common.Razor.csproj", "{7748437D-0793-4A39-9482-C5969F5BD1B1}"
EndProject
Project("{9A19103F-16F7-4668-BE54-9A1E7A4F7556}") = "Dnc.Toast.WebApp", "Dnc.Toast.WebApp\Dnc.Toast.WebApp.csproj", "{03D52C09-E935-4C09-8EC5-5A0B5DD70BA3}"
EndProject
Global
	GlobalSection(SolutionConfigurationPlatforms) = preSolution
		Debug|Any CPU = Debug|Any CPU
		Release|Any CPU = Release|Any CPU
	EndGlobalSection
	GlobalSection(ProjectConfigurationPlatforms) = postSolution
		{7748437D-0793-4A39-9482-C5969F5BD1B1}.Debug|Any CPU.ActiveCfg = Debug|Any CPU
		{7748437D-0793-4A39-9482-C5969F5BD1B1}.Debug|Any CPU.Build.0 = Debug|Any CPU
		{7748437D-0793-4A39-9482-C5969F5BD1B1}.Release|Any CPU.ActiveCfg = Release|Any CPU
		{7748437D-0793-4A39-9482-C5969F5BD1B1}.Release|Any CPU.Build.0 = Release|Any CPU
		{03D52C09-E935-4C09-8EC5-5A0B5DD70BA3}.Debug|Any CPU.ActiveCfg = Debug|Any CPU
		{03D52C09-E935-4C09-8EC5-5A0B5DD70BA3}.Debug|Any CPU.Build.0 = Debug|Any CPU
		{03D52C09-E935-4C09-8EC5-5A0B5DD70BA3}.Release|Any CPU.ActiveCfg = Release|Any CPU
		{03D52C09-E935-4C09-8EC5-5A0B5DD70BA3}.Release|Any CPU.Build.0 = Release|Any CPU
	EndGlobalSection
	GlobalSection(SolutionProperties) = preSolution
		HideSolutionNode = FALSE
	EndGlobalSection
	GlobalSection(ExtensibilityGlobals) = postSolution
		SolutionGuid = {C7DBB5EF-0CFD-4CBE-AB59-B444DDA0E28F}
	EndGlobalSection
EndGlobal
